
Microsoft Visual Studio Solution File, Format Version 12.00
# Visual Studio 15
VisualStudioVersion = 15.0.28307.1401
MinimumVisualStudioVersion = 10.0.40219.1
Project("{9A19103F-16F7-4668-BE54-9A1E7A4F7556}") = "TXT Writer Console", "TXT Writer Console\TXT Writer Console.csproj", "{D423F3FB-D51C-45B1-AB0D-6965A730225A}"
EndProject
Project("{9A19103F-16F7-4668-BE54-9A1E7A4F7556}") = "BIN Writer Console", "BIN Writer Console\BIN Writer Console.csproj", "{9C78AEB8-8935-4E29-A9D0-6546F95AD70A}"
EndProject
Project("{FAE04EC0-301F-11D3-BF4B-00C04F79EFBC}") = "DIR Control Console", "DIR Control Console\DIR Control Console.csproj", "{87BBBBF6-391C-49B6-A448-41D1450209A4}"
EndProject
Global
	GlobalSection(SolutionConfigurationPlatforms) = preSolution
		Debug|Any CPU = Debug|Any CPU
		Release|Any CPU = Release|Any CPU
	EndGlobalSection
	GlobalSection(ProjectConfigurationPlatforms) = postSolution
		{D423F3FB-D51C-45B1-AB0D-6965A730225A}.Debug|Any CPU.ActiveCfg = Debug|Any CPU
		{D423F3FB-D51C-45B1-AB0D-6965A730225A}.Debug|Any CPU.Build.0 = Debug|Any CPU
		{D423F3FB-D51C-45B1-AB0D-6965A730225A}.Release|Any CPU.ActiveCfg = Release|Any CPU
		{D423F3FB-D51C-45B1-AB0D-6965A730225A}.Release|Any CPU.Build.0 = Release|Any CPU
		{9C78AEB8-8935-4E29-A9D0-6546F95AD70A}.Debug|Any CPU.ActiveCfg = Debug|Any CPU
		{9C78AEB8-8935-4E29-A9D0-6546F95AD70A}.Debug|Any CPU.Build.0 = Debug|Any CPU
		{9C78AEB8-8935-4E29-A9D0-6546F95AD70A}.Release|Any CPU.ActiveCfg = Release|Any CPU
		{9C78AEB8-8935-4E29-A9D0-6546F95AD70A}.Release|Any CPU.Build.0 = Release|Any CPU
		{87BBBBF6-391C-49B6-A448-41D1450209A4}.Debug|Any CPU.ActiveCfg = Debug|Any CPU
		{87BBBBF6-391C-49B6-A448-41D1450209A4}.Debug|Any CPU.Build.0 = Debug|Any CPU
		{87BBBBF6-391C-49B6-A448-41D1450209A4}.Release|Any CPU.ActiveCfg = Release|Any CPU
		{87BBBBF6-391C-49B6-A448-41D1450209A4}.Release|Any CPU.Build.0 = Release|Any CPU
	EndGlobalSection
	GlobalSection(SolutionProperties) = preSolution
		HideSolutionNode = FALSE
	EndGlobalSection
	GlobalSection(ExtensibilityGlobals) = postSolution
		SolutionGuid = {9A333D04-CF77-48D6-BAAE-50147A5AA65D}
	EndGlobalSection
EndGlobal
