
Microsoft Visual Studio Solution File, Format Version 12.00
# Visual Studio 15
VisualStudioVersion = 15.0.28307.1401
MinimumVisualStudioVersion = 10.0.40219.1
Project("{FAE04EC0-301F-11D3-BF4B-00C04F79EFBC}") = "AdresInfoLib", "AdresInfoLib\AdresInfoLib.csproj", "{62FA0EA7-38E3-4CEC-9245-D51531A7BA83}"
EndProject
Project("{FAE04EC0-301F-11D3-BF4B-00C04F79EFBC}") = "AdresInfoConsole", "AdresInfoConsole\AdresInfoConsole.csproj", "{E76ECDF6-B9D4-45E6-BE38-903182295505}"
EndProject
Global
	GlobalSection(SolutionConfigurationPlatforms) = preSolution
		Debug|Any CPU = Debug|Any CPU
		Release|Any CPU = Release|Any CPU
	EndGlobalSection
	GlobalSection(ProjectConfigurationPlatforms) = postSolution
		{62FA0EA7-38E3-4CEC-9245-D51531A7BA83}.Debug|Any CPU.ActiveCfg = Debug|Any CPU
		{62FA0EA7-38E3-4CEC-9245-D51531A7BA83}.Debug|Any CPU.Build.0 = Debug|Any CPU
		{62FA0EA7-38E3-4CEC-9245-D51531A7BA83}.Release|Any CPU.ActiveCfg = Release|Any CPU
		{62FA0EA7-38E3-4CEC-9245-D51531A7BA83}.Release|Any CPU.Build.0 = Release|Any CPU
		{E76ECDF6-B9D4-45E6-BE38-903182295505}.Debug|Any CPU.ActiveCfg = Debug|Any CPU
		{E76ECDF6-B9D4-45E6-BE38-903182295505}.Debug|Any CPU.Build.0 = Debug|Any CPU
		{E76ECDF6-B9D4-45E6-BE38-903182295505}.Release|Any CPU.ActiveCfg = Release|Any CPU
		{E76ECDF6-B9D4-45E6-BE38-903182295505}.Release|Any CPU.Build.0 = Release|Any CPU
	EndGlobalSection
	GlobalSection(SolutionProperties) = preSolution
		HideSolutionNode = FALSE
	EndGlobalSection
	GlobalSection(ExtensibilityGlobals) = postSolution
		SolutionGuid = {ECBB8776-A153-400D-A931-3DF23526FD88}
	EndGlobalSection
EndGlobal
